
Microsoft Visual Studio Solution File, Format Version 12.00
# Visual Studio Version 17
VisualStudioVersion = 17.5.33209.295
MinimumVisualStudioVersion = 10.0.40219.1
Project("{FAE04EC0-301F-11D3-BF4B-00C04F79EFBC}") = "RabbitProducer", "RabbitProducer\RabbitProducer.csproj", "{D20D3527-6459-4D65-B832-5E312DBCCE90}"
EndProject
Global
	GlobalSection(SolutionConfigurationPlatforms) = preSolution
		Debug|Any CPU = Debug|Any CPU
		Release|Any CPU = Release|Any CPU
	EndGlobalSection
	GlobalSection(ProjectConfigurationPlatforms) = postSolution
		{D20D3527-6459-4D65-B832-5E312DBCCE90}.Debug|Any CPU.ActiveCfg = Debug|Any CPU
		{D20D3527-6459-4D65-B832-5E312DBCCE90}.Debug|Any CPU.Build.0 = Debug|Any CPU
		{D20D3527-6459-4D65-B832-5E312DBCCE90}.Release|Any CPU.ActiveCfg = Release|Any CPU
		{D20D3527-6459-4D65-B832-5E312DBCCE90}.Release|Any CPU.Build.0 = Release|Any CPU
	EndGlobalSection
	GlobalSection(SolutionProperties) = preSolution
		HideSolutionNode = FALSE
	EndGlobalSection
	GlobalSection(ExtensibilityGlobals) = postSolution
		SolutionGuid = {3C2D7707-70EA-4544-B8D3-F50711848A86}
	EndGlobalSection
EndGlobal
